github.com/BurntSushi/toml v0.3.1 h1:WXkYYl6Yr3qBf1K79EBnL4mak0OimBfB0XUf9Vl28OQ=
github.com/BurntSushi/toml v0.3.1/go.mod h1:xHWCNGjB5oqiDr8zfno3MHue2Ht5sIBksp03qcyfWMU=
github.com/davecgh/go-spew v1.1.1 h1:vj9j/u1bqnvCEfJOwUhtlOARqs3+rkHYY13jYWTU97c=
github.com/davecgh/go-spew v1.1.1/go.mod h1:J7Y8YcW2NihsgmVo/mv3lAwl/skON4iLHjSsI+c5H38=
github.com/fatih/color v1.4.1 h1:YJhD/SoQqn7ev9zwhIm7lHTAqsOAF2AN4xlAVZzNZnU=
github.com/fatih/color v1.4.1/go.mod h1:Zm6kSWBoL9eyXnKyktHP6abPY2pDugNf5KwzbycvMj4=
github.com/fsnotify/fsnotify v0.0.0-20170329110642-4da3e2cfbabc h1:fqUzyjP8DApxXq0dOZJE/NvqQkyjxiTy9ARNyRwBPEw=
github.com/fsnotify/fsnotify v0.0.0-20170329110642-4da3e2cfbabc/go.mod h1:jwhsz4b93w/PPRr/qN1Yymfu8t87LnFCMoQvtojpjFo=
github.com/golang/protobuf v1.2.0 h1:P3YflyNX/ehuJFLhxviNdFxQPkGK5cDcApsge1SqnvM=
github.com/golang/protobuf v1.2.0/go.mod h1:6lQm79b+lXiMfvg/cZm0SGofjICqVBUtrP5yJMmIC1U=
github.com/hashicorp/hcl v0.0.0-20171017181929-23c074d0eceb h1:1OvvPvZkn/yCQ3xBcM8y4020wdkMXPHLB4+NfoGWh4U=
github.com/hashicorp/hcl v0.0.0-20171017181929-23c074d0eceb/go.mod h1:oZtUIOe8dh44I2q6ScRibXws4Ajl+d+nod3AaR9vL5w=
github.com/inconshreveable/mousetrap v1.0.0 h1:Z8tu5sraLXCXIcARxBp/8cbvlwVa7Z1NHg9XEKhtSvM=
github.com/inconshreveable/mousetrap v1.0.0/go.mod h1:PxqpIevigyE2G7u3NXJIT2ANytuPF1OarO4DADm73n8=
github.com/kr/pretty v0.1.0 h1:L/CwN0zerZDmRFUapSPitk6f+Q3+0za1rQkzVuMiMFI=
github.com/kr/pretty v0.1.0/go.mod h1:dAy3ld7l9f0ibDNOQOHHMYYIIbhfbHSm3C4ZsoJORNo=
github.com/kr/pty v1.1.1/go.mod h1:pFQYn66WHrOpPYNljwOMqo10TkYh1fy3cYio2l3bCsQ=
github.com/kr/text v0.1.0 h1:45sCR5RtlFHMR4UwH9sdQ5TC8v0qDQCHnXt+kaKSTVE=
github.com/kr/text v0.1.0/go.mod h1:4Jbv+DJW3UT/LiOwJeYQe1efqtUx/iVham/4vfdArNI=
github.com/magiconair/properties v0.0.0-20170902060319-8d7837e64d3c h1:BDr2SMw3gKp9Xyvp33plTgRPEkE6NralNG0JLuBgkiQ=
github.com/magiconair/properties v0.0.0-20170902060319-8d7837e64d3c/go.mod h1:PppfXfuXeibc/6YijjN8zIbojt8czPbwD3XqdrwzmxQ=
github.com/mattn/go-colorable v0.0.0-20170816031813-ad5389df28cd h1:eYiiP5pgdf+n78BU5JFWt7yI2bpxW31L/R5Rrk8vLgs=
github.com/mattn/go-colorable v0.0.0-20170816031813-ad5389df28cd/go.mod h1:9vuHe8Xs5qXnSaW/c/ABM9alt+Vo+STaOChaDxuIBZU=
github.com/mattn/go-isatty v0.0.0-20170925054904-a5cdd64afdee h1:tUyoJR5V1TdXnTh9v8c1YAHvDdut2+zkuyUX3gAY/wI=
github.com/mattn/go-isatty v0.0.0-20170925054904-a5cdd64afdee/go.mod h1:M+lRXTBqGeGNdLjl/ufCoiOlB5xdOkqRJdNxMWT7Zi4=
github.com/mattn/go-runewidth v0.0.0-20170510074858-97311d9f7767 h1:Nk2R0tWpD2RdkQ+53zE6kWnSGuhQyDlnOs2MPiqVubE=
github.com/mattn/go-runewidth v0.0.0-20170510074858-97311d9f7767/go.mod h1:LwmH8dsx7+W8Uxz3IHJYH5QSwggIsqBzpuz5H//U1FU=
github.com/mitchellh/go-homedir v0.0.0-20161203194507-b8bc1bf76747 h1:eQox4Rh4ewJF+mqYPxCkmBAirRnPaHEB26UkNuPyjlk=
github.com/mitchellh/go-homedir v0.0.0-20161203194507-b8bc1bf76747/go.mod h1:SfyaCUpYCn1Vlf4IUYiD9fPX4A5wJrkLzIz1N1q0pr0=
github.com/mitchellh/mapstructure v0.0.0-20171017171808-06020f85339e h1:PtGHLB3CX3TFPcksODQMxncoeQKWwCgTg0bJ40VLJP4=
github.com/mitchellh/mapstructure v0.0.0-20171017171808-06020f85339e/go.mod h1:FVVH3fgwuzCH5S8UJGiWEs2h04kUh9fWfEaFds41c1Y=
github.com/olekukonko/tablewriter v0.0.0-20170925234030-a7a4c189eb47 h1:9LtI8V19RbIDkx5gAhcP1TV1ByyIdavLGgWgefpoEPM=
github.com/olekukonko/tablewriter v0.0.0-20170925234030-a7a4c189eb47/go.mod h1:vsDQFd/mU46D+Z4whnwzcISnGGzXWMclvtLoiIKAKIo=
github.com/pelletier/go-toml v0.0.0-20171022022338-8c31c2ec65b2 h1:RTx6HBVnEPvm6X4nj0Tw4ebgCq6XgwnKCvsqbKGD4XQ=
github.com/pelletier/go-toml v0.0.0-20171022022338-8c31c2ec65b2/go.mod h1:5z9KED0ma1S8pY6P1sdut58dfprrGBbd/94hg7ilaic=
github.com/pmezard/go-difflib v1.0.0 h1:4DBwDE0NGyQoBHbLQYPwSUPoCMWR5BEzIk/f1lZbAQM=
github.com/pmezard/go-difflib v1.0.0/go.mod h1:iKH77koFhYxTK1pcRnkKkqfTogsbg7gZNVY4sRDYZ/4=
github.com/spf13/afero v0.0.0-20171021110813-5660eeed305f h1:+Dx5AA/mr18sj78olfUUNWiBBH18xbGhdXiOnLoKnzY=
github.com/spf13/afero v0.0.0-20171021110813-5660eeed305f/go.mod h1:j4pytiNVoe2o6bmDsKpLACNPDBIoEAkihy7loJ1B0CQ=
github.com/spf13/cast v1.1.0 h1:0Rhw4d6C8J9VPu6cjZLIhZ8+aAOHcDvGeKn+cq5Aq3k=
github.com/spf13/cast v1.1.0/go.mod h1:r2rcYCSwa1IExKTDiTfzaxqT2FNHs8hODu4LnUfgKEg=
github.com/spf13/cobra v0.0.1 h1:zZh3X5aZbdnoj+4XkaBxKfhO4ot82icYdhhREIAXIj8=
github.com/spf13/cobra v0.0.1/go.mod h1:1l0Ry5zgKvJasoi3XT1TypsSe7PqH0Sj9dhYf7v3XqQ=
github.com/spf13/jwalterweatherman v0.0.0-20170901151539-12bd96e66386 h1:zBoLErXXAvWnNsu+pWkRYl6Cx1KXmIfAVsIuYkPN6aY=
github.com/spf13/jwalterweatherman v0.0.0-20170901151539-12bd96e66386/go.mod h1:cQK4TGJAtQXfYWX+Ddv3mKDzgVb68N+wFjFa4jdeBTo=
github.com/spf13/pflag v0.0.0-20171020110617-97afa5e7ca8a h1:NLjz2RTuoGx4ITYI/oN9PGzz1b53vqe7xZ2juTlC/18=
github.com/spf13/pflag v0.0.0-20171020110617-97afa5e7ca8a/go.mod h1:DYY7MBk1bdzusC3SYhjObp+wFpr4gzcvqqNjLnInEg4=
github.com/spf13/viper v0.0.0-20171020104009-8ef37cbca716 h1:riT9pMSDqlXO6nIDTZoGk3C5OIDdLFaCkfkgJ0fF/rQ=
github.com/spf13/viper v0.0.0-20171020104009-8ef37cbca716/go.mod h1:A8kyI5cUJhb8N+3pkfONlcEcZbueH6nhAm0Fq7SrnBM=
github.com/stretchr/testify v1.2.2 h1:bSDNvY7ZPG5RlJ8otE/7V6gMiyenm9RtJ7IUVIAoJ1w=
github.com/stretchr/testify v1.2.2/go.mod h1:a8OnRcib4nhh0OaRAV+Yts87kKdq0PP7pXfy6kDkUVs=
golang.org/x/net v0.0.0-20180926154720-4dfa2610cdf3 h1:dgd4x4kJt7G4k4m93AYLzM8Ni6h2qLTfh9n9vXJT3/0=
golang.org/x/net v0.0.0-20180926154720-4dfa2610cdf3/go.mod h1:mL1N/T3taQHkDXs73rZJwtUhF3w3ftmwwsq0BUmARs4=
golang.org/x/sync v0.0.0-20180314180146-1d60e4601c6f h1:wMNYb4v58l5UBM7MYRLPG6ZhfOqbKu7X5eyFl8ZhKvA=
golang.org/x/sync v0.0.0-20180314180146-1d60e4601c6f/go.mod h1:RxMgew5VJxzue5/jJTE5uejpjVlOe/izrB70Jof72aM=
golang.org/x/sys v0.0.0-20171017063910-8dbc5d05d6ed h1:7TjTAJENziDn0SiwaaVypM+TFSq4rk6LJOuy3GUKMhg=
golang.org/x/sys v0.0.0-20171017063910-8dbc5d05d6ed/go.mod h1:STP8DvDyc/dI5b8T5hshtkjS+E42TnysNCUPdjciGhY=
golang.org/x/text v0.0.0-20180302201248-b7ef84aaf62a h1:06wVxCgDhzQ9MYiwHpRSyzOhZKgF/msceRaCG0PG7ME=
golang.org/x/text v0.0.0-20180302201248-b7ef84aaf62a/go.mod h1:NqM8EUOU14njkJ3fqMW+pc6Ldnwhi/IjpwHt7yyuwOQ=
gopkg.in/check.v1 v1.0.0-20180628173108-788fd7840127 h1:qIbj1fsPNlZgppZ+VLlY7N33q108Sa+fhmuc+sWQYwY=
gopkg.in/check.v1 v1.0.0-20180628173108-788fd7840127/go.mod h1:Co6ibVJAznAaIkqp8huTwlJQCZ016jof/cbN4VW5Yz0=
gopkg.in/yaml.v2 v2.0.0-20170812160011-eb3733d160e7 h1:+t9dhfO+GNOIGJof6kPOAenx7YgrZMTdRPV+EsnPabk=
gopkg.in/yaml.v2 v2.0.0-20170812160011-eb3733d160e7/go.mod h1:JAlM8MvJe8wmxCU4Bli9HhUf9+ttbYbLASfIpnQbh74=
